
Microsoft Visual Studio Solution File, Format Version 12.00
# Visual Studio Version 17
VisualStudioVersion = 17.12.35707.178 d17.12
MinimumVisualStudioVersion = 10.0.40219.1
Project("{FAE04EC0-301F-11D3-BF4B-00C04F79EFBC}") = "IpShieldMiddleware", "IpShieldMiddleware\IpShieldMiddleware.csproj", "{B226F6DE-CAEC-4503-A049-52B84EDE1CFC}"
EndProject
Project("{2150E333-8FDC-42A3-9474-1A3956D46DE8}") = "Solution Items", "Solution Items", "{2A052404-18B6-484C-91F5-8E94666BB940}"
	ProjectSection(SolutionItems) = preProject
		README.md = README.md
	EndProjectSection
EndProject
Global
	GlobalSection(SolutionConfigurationPlatforms) = preSolution
		Debug|Any CPU = Debug|Any CPU
		Release|Any CPU = Release|Any CPU
	EndGlobalSection
	GlobalSection(ProjectConfigurationPlatforms) = postSolution
		{B226F6DE-CAEC-4503-A049-52B84EDE1CFC}.Debug|Any CPU.ActiveCfg = Debug|Any CPU
		{B226F6DE-CAEC-4503-A049-52B84EDE1CFC}.Debug|Any CPU.Build.0 = Debug|Any CPU
		{B226F6DE-CAEC-4503-A049-52B84EDE1CFC}.Release|Any CPU.ActiveCfg = Release|Any CPU
		{B226F6DE-CAEC-4503-A049-52B84EDE1CFC}.Release|Any CPU.Build.0 = Release|Any CPU
	EndGlobalSection
	GlobalSection(SolutionProperties) = preSolution
		HideSolutionNode = FALSE
	EndGlobalSection
EndGlobal
